Microsoft Visual Studio Solution File, Format Version 12.00
# Visual Studio Version 17
VisualStudioVersion = 17.5.2.0
MinimumVisualStudioVersion = 10.0.40219.1
Project("{FAE04EC0-301F-11D3-BF4B-00C04F79EFBC}") = "DoAnMangMayTinh", "DoAnMangMayTinh.csproj", "{8692B0D4-B3C3-DB3B-3319-1F501959673B}"
EndProject
Global
	GlobalSection(SolutionConfigurationPlatforms) = preSolution
		Debug|Any CPU = Debug|Any CPU
		Release|Any CPU = Release|Any CPU
	EndGlobalSection
	GlobalSection(ProjectConfigurationPlatforms) = postSolution
		{8692B0D4-B3C3-DB3B-3319-1F501959673B}.Debug|Any CPU.ActiveCfg = Debug|Any CPU
		{8692B0D4-B3C3-DB3B-3319-1F501959673B}.Debug|Any CPU.Build.0 = Debug|Any CPU
		{8692B0D4-B3C3-DB3B-3319-1F501959673B}.Release|Any CPU.ActiveCfg = Release|Any CPU
		{8692B0D4-B3C3-DB3B-3319-1F501959673B}.Release|Any CPU.Build.0 = Release|Any CPU
	EndGlobalSection
	GlobalSection(SolutionProperties) = preSolution
		HideSolutionNode = FALSE
	EndGlobalSection
	GlobalSection(ExtensibilityGlobals) = postSolution
		SolutionGuid = {61153DD5-295C-421D-87CD-63E0ADC0A6C8}
	EndGlobalSection
EndGlobal
